
Microsoft Visual Studio Solution File, Format Version 12.00
# Visual Studio Version 17
VisualStudioVersion = 17.13.35825.156 d17.13
MinimumVisualStudioVersion = 10.0.40219.1
Project("{FAE04EC0-301F-11D3-BF4B-00C04F79EFBC}") = "mvcLibrary_ICE", "mvcLibrary_ICE\mvcLibrary_ICE.csproj", "{56416D93-BA45-4BE0-BFE8-5D87F575A777}"
EndProject
Global
	GlobalSection(SolutionConfigurationPlatforms) = preSolution
		Debug|Any CPU = Debug|Any CPU
		Release|Any CPU = Release|Any CPU
	EndGlobalSection
	GlobalSection(ProjectConfigurationPlatforms) = postSolution
		{56416D93-BA45-4BE0-BFE8-5D87F575A777}.Debug|Any CPU.ActiveCfg = Debug|Any CPU
		{56416D93-BA45-4BE0-BFE8-5D87F575A777}.Debug|Any CPU.Build.0 = Debug|Any CPU
		{56416D93-BA45-4BE0-BFE8-5D87F575A777}.Release|Any CPU.ActiveCfg = Release|Any CPU
		{56416D93-BA45-4BE0-BFE8-5D87F575A777}.Release|Any CPU.Build.0 = Release|Any CPU
	EndGlobalSection
	GlobalSection(SolutionProperties) = preSolution
		HideSolutionNode = FALSE
	EndGlobalSection
	GlobalSection(ExtensibilityGlobals) = postSolution
		SolutionGuid = {623DE6DA-0516-47F5-B438-1A6613B06BD5}
	EndGlobalSection
EndGlobal
